
Microsoft Visual Studio Solution File, Format Version 12.00
# Visual Studio Version 17
VisualStudioVersion = 17.9.34714.143
MinimumVisualStudioVersion = 10.0.40219.1
Project("{FAE04EC0-301F-11D3-BF4B-00C04F79EFBC}") = "StackFilterSizes", "StackFilterSizes\StackFilterSizes.csproj", "{0F3E84D1-DE20-45F3-9464-E66A2DA48DFE}"
EndProject
Global
	GlobalSection(SolutionConfigurationPlatforms) = preSolution
		Debug|Any CPU = Debug|Any CPU
		Release|Any CPU = Release|Any CPU
	EndGlobalSection
	GlobalSection(ProjectConfigurationPlatforms) = postSolution
		{0F3E84D1-DE20-45F3-9464-E66A2DA48DFE}.Debug|Any CPU.ActiveCfg = Debug|Any CPU
		{0F3E84D1-DE20-45F3-9464-E66A2DA48DFE}.Debug|Any CPU.Build.0 = Debug|Any CPU
		{0F3E84D1-DE20-45F3-9464-E66A2DA48DFE}.Release|Any CPU.ActiveCfg = Release|Any CPU
		{0F3E84D1-DE20-45F3-9464-E66A2DA48DFE}.Release|Any CPU.Build.0 = Release|Any CPU
	EndGlobalSection
	GlobalSection(SolutionProperties) = preSolution
		HideSolutionNode = FALSE
	EndGlobalSection
	GlobalSection(ExtensibilityGlobals) = postSolution
		SolutionGuid = {BFCE4920-1015-4B0A-8980-86DB4C4156D1}
	EndGlobalSection
EndGlobal
